<?xml version="1.0" encoding="utf-8"?>
<Project ToolsVersion="4.0" xmlns="http://schemas.microsoft.com/developer/msbuild/2003">
  <ItemGroup>
    <Filter Include="资源文件">
      <UniqueIdentifier>{67DA6AB6-F800-4c08-8B7A-83BB121AAD01}</UniqueIdentifier>
      <Extensions>rc;ico;cur;bmp;dlg;rc2;rct;bin;rgs;gif;jpg;jpeg;jpe;resx;tiff;tif;png;wav;mfcribbon-ms</Extensions>
    </Filter>
    <Filter Include="cpp">
      <UniqueIdentifier>{d9edd241-903a-431a-837d-2d8d03195cd7}</UniqueIdentifier>
    </Filter>
    <Filter Include="hpp">
      <UniqueIdentifier>{c47de1a0-eee3-4c4a-90d0-1c2a47fc2f50}</UniqueIdentifier>
    </Filter>
  </ItemGroup>
  <ItemGroup>
    <ClCompile Include="main.cpp">
      <Filter>cpp</Filter>
    </ClCompile>
    <ClCompile Include="serial.cpp">
      <Filter>cpp</Filter>
    </ClCompile>
    <ClCompile Include="disk.cpp">
      <Filter>cpp</Filter>
    </ClCompile>
  </ItemGroup>
  <ItemGroup>
    <ClInclude Include="resource.h" />
    <ClInclude Include="serial.h">
      <Filter>hpp</Filter>
    </ClInclude>
    <ClInclude Include="disk.h">
      <Filter>hpp</Filter>
    </ClInclude>
    <ClInclude Include="loader.hpp">
      <Filter>hpp</Filter>
    </ClInclude>
  </ItemGroup>
  <ItemGroup>
    <ResourceCompile Include="hwid_spoofer_gui.rc">
      <Filter>资源文件</Filter>
    </ResourceCompile>
  </ItemGroup>
  <ItemGroup>
    <Image Include="user.ico">
      <Filter>资源文件</Filter>
    </Image>
  </ItemGroup>
</Project>