<?xml version="1.0" encoding="utf-8"?>
<Project ToolsVersion="4.0" xmlns="http://schemas.microsoft.com/developer/msbuild/2003">
  <ItemGroup>
    <Filter Include="Driver Files">
      <UniqueIdentifier>{8E41214B-6785-4CFE-B992-037D68949A14}</UniqueIdentifier>
      <Extensions>inf;inv;inx;mof;mc;</Extensions>
    </Filter>
    <Filter Include="cpp">
      <UniqueIdentifier>{4FC737F1-C7A5-4376-A066-2A32D752A2FF}</UniqueIdentifier>
      <Extensions>cpp;c;cc;cxx;def;odl;idl;hpj;bat;asm;asmx</Extensions>
    </Filter>
    <Filter Include="hpp">
      <UniqueIdentifier>{93995380-89BD-4b04-88EB-625FBE52EBFB}</UniqueIdentifier>
      <Extensions>h;hpp;hxx;hm;inl;inc;xsd</Extensions>
    </Filter>
  </ItemGroup>
  <ItemGroup>
    <Inf Include="hwid_spoofer_kernel.inf">
      <Filter>Driver Files</Filter>
    </Inf>
  </ItemGroup>
  <ItemGroup>
    <ClInclude Include="disk.hpp">
      <Filter>hpp</Filter>
    </ClInclude>
    <ClInclude Include="gpu.hpp">
      <Filter>hpp</Filter>
    </ClInclude>
    <ClInclude Include="log.hpp">
      <Filter>hpp</Filter>
    </ClInclude>
    <ClInclude Include="nic.hpp">
      <Filter>hpp</Filter>
    </ClInclude>
    <ClInclude Include="smbios.hpp">
      <Filter>hpp</Filter>
    </ClInclude>
    <ClInclude Include="util.hpp">
      <Filter>hpp</Filter>
    </ClInclude>
  </ItemGroup>
  <ItemGroup>
    <ClCompile Include="main.cpp">
      <Filter>cpp</Filter>
    </ClCompile>
  </ItemGroup>
</Project>